
Microsoft Visual Studio Solution File, Format Version 12.00
# Visual Studio 15
VisualStudioVersion = 15.0.28010.2048
MinimumVisualStudioVersion = 10.0.40219.1
Project("{FAE04EC0-301F-11D3-BF4B-00C04F79EFBC}") = "CustomPickerEditor.Android", "CustomPickerEditor\CustomPickerEditor.Android\CustomPickerEditor.Android.csproj", "{41AF589B-038E-4E85-B068-1ABFAF218D4D}"
EndProject
Project("{FAE04EC0-301F-11D3-BF4B-00C04F79EFBC}") = "CustomPickerEditor.iOS", "CustomPickerEditor\CustomPickerEditor.iOS\CustomPickerEditor.iOS.csproj", "{01C4CBF0-A72C-44B8-8015-C5311F292481}"
EndProject
Project("{FAE04EC0-301F-11D3-BF4B-00C04F79EFBC}") = "CustomPickerEditor.UWP", "CustomPickerEditor\CustomPickerEditor.UWP\CustomPickerEditor.UWP.csproj", "{C734C476-A61E-4D9A-AB71-A9A74F7F5EED}"
EndProject
Project("{FAE04EC0-301F-11D3-BF4B-00C04F79EFBC}") = "CustomPickerEditor", "CustomPickerEditor\CustomPickerEditor\CustomPickerEditor.csproj", "{AB420812-5AF9-499E-880A-95FE4F094B35}"
EndProject
Global
	GlobalSection(SolutionConfigurationPlatforms) = preSolution
		Ad-Hoc|Any CPU = Ad-Hoc|Any CPU
		Ad-Hoc|ARM = Ad-Hoc|ARM
		Ad-Hoc|iPhone = Ad-Hoc|iPhone
		Ad-Hoc|iPhoneSimulator = Ad-Hoc|iPhoneSimulator
		Ad-Hoc|x64 = Ad-Hoc|x64
		Ad-Hoc|x86 = Ad-Hoc|x86
		AppStore|Any CPU = AppStore|Any CPU
		AppStore|ARM = AppStore|ARM
		AppStore|iPhone = AppStore|iPhone
		AppStore|iPhoneSimulator = AppStore|iPhoneSimulator
		AppStore|x64 = AppStore|x64
		AppStore|x86 = AppStore|x86
		Debug|Any CPU = Debug|Any CPU
		Debug|ARM = Debug|ARM
		Debug|iPhone = Debug|iPhone
		Debug|iPhoneSimulator = Debug|iPhoneSimulator
		Debug|x64 = Debug|x64
		Debug|x86 = Debug|x86
		Release|Any CPU = Release|Any CPU
		Release|ARM = Release|ARM
		Release|iPhone = Release|iPhone
		Release|iPhoneSimulator = Release|iPhoneSimulator
		Release|x64 = Release|x64
		Release|x86 = Release|x86
	EndGlobalSection
	GlobalSection(ProjectConfigurationPlatforms) = postSolution
		{41AF589B-038E-4E85-B068-1ABFAF218D4D}.Ad-Hoc|Any CPU.ActiveCfg = Release|Any CPU
		{41AF589B-038E-4E85-B068-1ABFAF218D4D}.Ad-Hoc|Any CPU.Build.0 = Release|Any CPU
		{41AF589B-038E-4E85-B068-1ABFAF218D4D}.Ad-Hoc|Any CPU.Deploy.0 = Release|Any CPU
		{41AF589B-038E-4E85-B068-1ABFAF218D4D}.Ad-Hoc|ARM.ActiveCfg = Release|Any CPU
		{41AF589B-038E-4E85-B068-1ABFAF218D4D}.Ad-Hoc|ARM.Build.0 = Release|Any CPU
		{41AF589B-038E-4E85-B068-1ABFAF218D4D}.Ad-Hoc|ARM.Deploy.0 = Release|Any CPU
		{41AF589B-038E-4E85-B068-1ABFAF218D4D}.Ad-Hoc|iPhone.ActiveCfg = Release|Any CPU
		{41AF589B-038E-4E85-B068-1ABFAF218D4D}.Ad-Hoc|iPhone.Build.0 = Release|Any CPU
		{41AF589B-038E-4E85-B068-1ABFAF218D4D}.Ad-Hoc|iPhone.Deploy.0 = Release|Any CPU
		{41AF589B-038E-4E85-B068-1ABFAF218D4D}.Ad-Hoc|iPhoneSimulator.ActiveCfg = Release|Any CPU
		{41AF589B-038E-4E85-B068-1ABFAF218D4D}.Ad-Hoc|iPhoneSimulator.Build.0 = Release|Any CPU
		{41AF589B-038E-4E85-B068-1ABFAF218D4D}.Ad-Hoc|iPhoneSimulator.Deploy.0 = Release|Any CPU
		{41AF589B-038E-4E85-B068-1ABFAF218D4D}.Ad-Hoc|x64.ActiveCfg = Release|Any CPU
		{41AF589B-038E-4E85-B068-1ABFAF218D4D}.Ad-Hoc|x64.Build.0 = Release|Any CPU
		{41AF589B-038E-4E85-B068-1ABFAF218D4D}.Ad-Hoc|x64.Deploy.0 = Release|Any CPU
		{41AF589B-038E-4E85-B068-1ABFAF218D4D}.Ad-Hoc|x86.ActiveCfg = Release|Any CPU
		{41AF589B-038E-4E85-B068-1ABFAF218D4D}.Ad-Hoc|x86.Build.0 = Release|Any CPU
		{41AF589B-038E-4E85-B068-1ABFAF218D4D}.Ad-Hoc|x86.Deploy.0 = Release|Any CPU
		{41AF589B-038E-4E85-B068-1ABFAF218D4D}.AppStore|Any CPU.ActiveCfg = Release|Any CPU
		{41AF589B-038E-4E85-B068-1ABFAF218D4D}.AppStore|Any CPU.Build.0 = Release|Any CPU
		{41AF589B-038E-4E85-B068-1ABFAF218D4D}.AppStore|Any CPU.Deploy.0 = Release|Any CPU
		{41AF589B-038E-4E85-B068-1ABFAF218D4D}.AppStore|ARM.ActiveCfg = Release|Any CPU
		{41AF589B-038E-4E85-B068-1ABFAF218D4D}.AppStore|ARM.Build.0 = Release|Any CPU
		{41AF589B-038E-4E85-B068-1ABFAF218D4D}.AppStore|ARM.Deploy.0 = Release|Any CPU
		{41AF589B-038E-4E85-B068-1ABFAF218D4D}.AppStore|iPhone.ActiveCfg = Release|Any CPU
		{41AF589B-038E-4E85-B068-1ABFAF218D4D}.AppStore|iPhone.Build.0 = Release|Any CPU
		{41AF589B-038E-4E85-B068-1ABFAF218D4D}.AppStore|iPhone.Deploy.0 = Release|Any CPU
		{41AF589B-038E-4E85-B068-1ABFAF218D4D}.AppStore|iPhoneSimulator.ActiveCfg = Release|Any CPU
		{41AF589B-038E-4E85-B068-1ABFAF218D4D}.AppStore|iPhoneSimulator.Build.0 = Release|Any CPU
		{41AF589B-038E-4E85-B068-1ABFAF218D4D}.AppStore|iPhoneSimulator.Deploy.0 = Release|Any CPU
		{41AF589B-038E-4E85-B068-1ABFAF218D4D}.AppStore|x64.ActiveCfg = Release|Any CPU
		{41AF589B-038E-4E85-B068-1ABFAF218D4D}.AppStore|x64.Build.0 = Release|Any CPU
		{41AF589B-038E-4E85-B068-1ABFAF218D4D}.AppStore|x64.Deploy.0 = Release|Any CPU
		{41AF589B-038E-4E85-B068-1ABFAF218D4D}.AppStore|x86.ActiveCfg = Release|Any CPU
		{41AF589B-038E-4E85-B068-1ABFAF218D4D}.AppStore|x86.Build.0 = Release|Any CPU
		{41AF589B-038E-4E85-B068-1ABFAF218D4D}.AppStore|x86.Deploy.0 = Release|Any CPU
		{41AF589B-038E-4E85-B068-1ABFAF218D4D}.Debug|Any CPU.ActiveCfg = Debug|Any CPU
		{41AF589B-038E-4E85-B068-1ABFAF218D4D}.Debug|Any CPU.Build.0 = Debug|Any CPU
		{41AF589B-038E-4E85-B068-1ABFAF218D4D}.Debug|Any CPU.Deploy.0 = Debug|Any CPU
		{41AF589B-038E-4E85-B068-1ABFAF218D4D}.Debug|ARM.ActiveCfg = Debug|Any CPU
		{41AF589B-038E-4E85-B068-1ABFAF218D4D}.Debug|ARM.Build.0 = Debug|Any CPU
		{41AF589B-038E-4E85-B068-1ABFAF218D4D}.Debug|ARM.Deploy.0 = Debug|Any CPU
		{41AF589B-038E-4E85-B068-1ABFAF218D4D}.Debug|iPhone.ActiveCfg = Debug|Any CPU
		{41AF589B-038E-4E85-B068-1ABFAF218D4D}.Debug|iPhone.Build.0 = Debug|Any CPU
		{41AF589B-038E-4E85-B068-1ABFAF218D4D}.Debug|iPhone.Deploy.0 = Debug|Any CPU
		{41AF589B-038E-4E85-B068-1ABFAF218D4D}.Debug|iPhoneSimulator.ActiveCfg = Debug|Any CPU
		{41AF589B-038E-4E85-B068-1ABFAF218D4D}.Debug|iPhoneSimulator.Build.0 = Debug|Any CPU
		{41AF589B-038E-4E85-B068-1ABFAF218D4D}.Debug|iPhoneSimulator.Deploy.0 = Debug|Any CPU
		{41AF589B-038E-4E85-B068-1ABFAF218D4D}.Debug|x64.ActiveCfg = Debug|Any CPU
		{41AF589B-038E-4E85-B068-1ABFAF218D4D}.Debug|x64.Build.0 = Debug|Any CPU
		{41AF589B-038E-4E85-B068-1ABFAF218D4D}.Debug|x64.Deploy.0 = Debug|Any CPU
		{41AF589B-038E-4E85-B068-1ABFAF218D4D}.Debug|x86.ActiveCfg = Debug|Any CPU
		{41AF589B-038E-4E85-B068-1ABFAF218D4D}.Debug|x86.Build.0 = Debug|Any CPU
		{41AF589B-038E-4E85-B068-1ABFAF218D4D}.Debug|x86.Deploy.0 = Debug|Any CPU
		{41AF589B-038E-4E85-B068-1ABFAF218D4D}.Release|Any CPU.ActiveCfg = Release|Any CPU
		{41AF589B-038E-4E85-B068-1ABFAF218D4D}.Release|Any CPU.Build.0 = Release|Any CPU
		{41AF589B-038E-4E85-B068-1ABFAF218D4D}.Release|Any CPU.Deploy.0 = Release|Any CPU
		{41AF589B-038E-4E85-B068-1ABFAF218D4D}.Release|ARM.ActiveCfg = Release|Any CPU
		{41AF589B-038E-4E85-B068-1ABFAF218D4D}.Release|ARM.Build.0 = Release|Any CPU
		{41AF589B-038E-4E85-B068-1ABFAF218D4D}.Release|ARM.Deploy.0 = Release|Any CPU
		{41AF589B-038E-4E85-B068-1ABFAF218D4D}.Release|iPhone.ActiveCfg = Release|Any CPU
		{41AF589B-038E-4E85-B068-1ABFAF218D4D}.Release|iPhone.Build.0 = Release|Any CPU
		{41AF589B-038E-4E85-B068-1ABFAF218D4D}.Release|iPhone.Deploy.0 = Release|Any CPU
		{41AF589B-038E-4E85-B068-1ABFAF218D4D}.Release|iPhoneSimulator.ActiveCfg = Release|Any CPU
		{41AF589B-038E-4E85-B068-1ABFAF218D4D}.Release|iPhoneSimulator.Build.0 = Release|Any CPU
		{41AF589B-038E-4E85-B068-1ABFAF218D4D}.Release|iPhoneSimulator.Deploy.0 = Release|Any CPU
		{41AF589B-038E-4E85-B068-1ABFAF218D4D}.Release|x64.ActiveCfg = Release|Any CPU
		{41AF589B-038E-4E85-B068-1ABFAF218D4D}.Release|x64.Build.0 = Release|Any CPU
		{41AF589B-038E-4E85-B068-1ABFAF218D4D}.Release|x64.Deploy.0 = Release|Any CPU
		{41AF589B-038E-4E85-B068-1ABFAF218D4D}.Release|x86.ActiveCfg = Release|Any CPU
		{41AF589B-038E-4E85-B068-1ABFAF218D4D}.Release|x86.Build.0 = Release|Any CPU
		{41AF589B-038E-4E85-B068-1ABFAF218D4D}.Release|x86.Deploy.0 = Release|Any CPU
		{01C4CBF0-A72C-44B8-8015-C5311F292481}.Ad-Hoc|Any CPU.ActiveCfg = Ad-Hoc|iPhone
		{01C4CBF0-A72C-44B8-8015-C5311F292481}.Ad-Hoc|Any CPU.Build.0 = Ad-Hoc|iPhone
		{01C4CBF0-A72C-44B8-8015-C5311F292481}.Ad-Hoc|Any CPU.Deploy.0 = Ad-Hoc|iPhone
		{01C4CBF0-A72C-44B8-8015-C5311F292481}.Ad-Hoc|ARM.ActiveCfg = Ad-Hoc|iPhone
		{01C4CBF0-A72C-44B8-8015-C5311F292481}.Ad-Hoc|ARM.Build.0 = Ad-Hoc|iPhone
		{01C4CBF0-A72C-44B8-8015-C5311F292481}.Ad-Hoc|ARM.Deploy.0 = Ad-Hoc|iPhone
		{01C4CBF0-A72C-44B8-8015-C5311F292481}.Ad-Hoc|iPhone.ActiveCfg = Ad-Hoc|iPhone
		{01C4CBF0-A72C-44B8-8015-C5311F292481}.Ad-Hoc|iPhone.Build.0 = Ad-Hoc|iPhone
		{01C4CBF0-A72C-44B8-8015-C5311F292481}.Ad-Hoc|iPhone.Deploy.0 = Ad-Hoc|iPhone
		{01C4CBF0-A72C-44B8-8015-C5311F292481}.Ad-Hoc|iPhoneSimulator.ActiveCfg = Ad-Hoc|iPhoneSimulator
		{01C4CBF0-A72C-44B8-8015-C5311F292481}.Ad-Hoc|iPhoneSimulator.Build.0 = Ad-Hoc|iPhoneSimulator
		{01C4CBF0-A72C-44B8-8015-C5311F292481}.Ad-Hoc|iPhoneSimulator.Deploy.0 = Ad-Hoc|iPhoneSimulator
		{01C4CBF0-A72C-44B8-8015-C5311F292481}.Ad-Hoc|x64.ActiveCfg = Ad-Hoc|iPhone
		{01C4CBF0-A72C-44B8-8015-C5311F292481}.Ad-Hoc|x64.Build.0 = Ad-Hoc|iPhone
		{01C4CBF0-A72C-44B8-8015-C5311F292481}.Ad-Hoc|x64.Deploy.0 = Ad-Hoc|iPhone
		{01C4CBF0-A72C-44B8-8015-C5311F292481}.Ad-Hoc|x86.ActiveCfg = Ad-Hoc|iPhone
		{01C4CBF0-A72C-44B8-8015-C5311F292481}.Ad-Hoc|x86.Build.0 = Ad-Hoc|iPhone
		{01C4CBF0-A72C-44B8-8015-C5311F292481}.Ad-Hoc|x86.Deploy.0 = Ad-Hoc|iPhone
		{01C4CBF0-A72C-44B8-8015-C5311F292481}.AppStore|Any CPU.ActiveCfg = AppStore|iPhone
		{01C4CBF0-A72C-44B8-8015-C5311F292481}.AppStore|Any CPU.Build.0 = AppStore|iPhone
		{01C4CBF0-A72C-44B8-8015-C5311F292481}.AppStore|Any CPU.Deploy.0 = AppStore|iPhone
		{01C4CBF0-A72C-44B8-8015-C5311F292481}.AppStore|ARM.ActiveCfg = AppStore|iPhone
		{01C4CBF0-A72C-44B8-8015-C5311F292481}.AppStore|ARM.Build.0 = AppStore|iPhone
		{01C4CBF0-A72C-44B8-8015-C5311F292481}.AppStore|ARM.Deploy.0 = AppStore|iPhone
		{01C4CBF0-A72C-44B8-8015-C5311F292481}.AppStore|iPhone.ActiveCfg = AppStore|iPhone
		{01C4CBF0-A72C-44B8-8015-C5311F292481}.AppStore|iPhone.Build.0 = AppStore|iPhone
		{01C4CBF0-A72C-44B8-8015-C5311F292481}.AppStore|iPhone.Deploy.0 = AppStore|iPhone
		{01C4CBF0-A72C-44B8-8015-C5311F292481}.AppStore|iPhoneSimulator.ActiveCfg = AppStore|iPhoneSimulator
		{01C4CBF0-A72C-44B8-8015-C5311F292481}.AppStore|iPhoneSimulator.Build.0 = AppStore|iPhoneSimulator
		{01C4CBF0-A72C-44B8-8015-C5311F292481}.AppStore|iPhoneSimulator.Deploy.0 = AppStore|iPhoneSimulator
		{01C4CBF0-A72C-44B8-8015-C5311F292481}.AppStore|x64.ActiveCfg = AppStore|iPhone
		{01C4CBF0-A72C-44B8-8015-C5311F292481}.AppStore|x64.Build.0 = AppStore|iPhone
		{01C4CBF0-A72C-44B8-8015-C5311F292481}.AppStore|x64.Deploy.0 = AppStore|iPhone
		{01C4CBF0-A72C-44B8-8015-C5311F292481}.AppStore|x86.ActiveCfg = AppStore|iPhone
		{01C4CBF0-A72C-44B8-8015-C5311F292481}.AppStore|x86.Build.0 = AppStore|iPhone
		{01C4CBF0-A72C-44B8-8015-C5311F292481}.AppStore|x86.Deploy.0 = AppStore|iPhone
		{01C4CBF0-A72C-44B8-8015-C5311F292481}.Debug|Any CPU.ActiveCfg = Debug|iPhoneSimulator
		{01C4CBF0-A72C-44B8-8015-C5311F292481}.Debug|Any CPU.Build.0 = Debug|iPhoneSimulator
		{01C4CBF0-A72C-44B8-8015-C5311F292481}.Debug|Any CPU.Deploy.0 = Debug|iPhoneSimulator
		{01C4CBF0-A72C-44B8-8015-C5311F292481}.Debug|ARM.ActiveCfg = Debug|iPhone
		{01C4CBF0-A72C-44B8-8015-C5311F292481}.Debug|ARM.Build.0 = Debug|iPhone
		{01C4CBF0-A72C-44B8-8015-C5311F292481}.Debug|ARM.Deploy.0 = Debug|iPhone
		{01C4CBF0-A72C-44B8-8015-C5311F292481}.Debug|iPhone.ActiveCfg = Debug|iPhone
		{01C4CBF0-A72C-44B8-8015-C5311F292481}.Debug|iPhone.Build.0 = Debug|iPhone
		{01C4CBF0-A72C-44B8-8015-C5311F292481}.Debug|iPhone.Deploy.0 = Debug|iPhone
		{01C4CBF0-A72C-44B8-8015-C5311F292481}.Debug|iPhoneSimulator.ActiveCfg = Debug|iPhoneSimulator
		{01C4CBF0-A72C-44B8-8015-C5311F292481}.Debug|iPhoneSimulator.Build.0 = Debug|iPhoneSimulator
		{01C4CBF0-A72C-44B8-8015-C5311F292481}.Debug|iPhoneSimulator.Deploy.0 = Debug|iPhoneSimulator
		{01C4CBF0-A72C-44B8-8015-C5311F292481}.Debug|x64.ActiveCfg = Debug|iPhone
		{01C4CBF0-A72C-44B8-8015-C5311F292481}.Debug|x64.Build.0 = Debug|iPhone
		{01C4CBF0-A72C-44B8-8015-C5311F292481}.Debug|x64.Deploy.0 = Debug|iPhone
		{01C4CBF0-A72C-44B8-8015-C5311F292481}.Debug|x86.ActiveCfg = Debug|iPhone
		{01C4CBF0-A72C-44B8-8015-C5311F292481}.Debug|x86.Build.0 = Debug|iPhone
		{01C4CBF0-A72C-44B8-8015-C5311F292481}.Debug|x86.Deploy.0 = Debug|iPhone
		{01C4CBF0-A72C-44B8-8015-C5311F292481}.Release|Any CPU.ActiveCfg = Release|iPhone
		{01C4CBF0-A72C-44B8-8015-C5311F292481}.Release|Any CPU.Build.0 = Release|iPhone
		{01C4CBF0-A72C-44B8-8015-C5311F292481}.Release|Any CPU.Deploy.0 = Release|iPhone
		{01C4CBF0-A72C-44B8-8015-C5311F292481}.Release|ARM.ActiveCfg = Release|iPhone
		{01C4CBF0-A72C-44B8-8015-C5311F292481}.Release|ARM.Build.0 = Release|iPhone
		{01C4CBF0-A72C-44B8-8015-C5311F292481}.Release|ARM.Deploy.0 = Release|iPhone
		{01C4CBF0-A72C-44B8-8015-C5311F292481}.Release|iPhone.ActiveCfg = Release|iPhone
		{01C4CBF0-A72C-44B8-8015-C5311F292481}.Release|iPhone.Build.0 = Release|iPhone
		{01C4CBF0-A72C-44B8-8015-C5311F292481}.Release|iPhone.Deploy.0 = Release|iPhone
		{01C4CBF0-A72C-44B8-8015-C5311F292481}.Release|iPhoneSimulator.ActiveCfg = Release|iPhoneSimulator
		{01C4CBF0-A72C-44B8-8015-C5311F292481}.Release|iPhoneSimulator.Build.0 = Release|iPhoneSimulator
		{01C4CBF0-A72C-44B8-8015-C5311F292481}.Release|iPhoneSimulator.Deploy.0 = Release|iPhoneSimulator
		{01C4CBF0-A72C-44B8-8015-C5311F292481}.Release|x64.ActiveCfg = Release|iPhone
		{01C4CBF0-A72C-44B8-8015-C5311F292481}.Release|x64.Build.0 = Release|iPhone
		{01C4CBF0-A72C-44B8-8015-C5311F292481}.Release|x64.Deploy.0 = Release|iPhone
		{01C4CBF0-A72C-44B8-8015-C5311F292481}.Release|x86.ActiveCfg = Release|iPhone
		{01C4CBF0-A72C-44B8-8015-C5311F292481}.Release|x86.Build.0 = Release|iPhone
		{01C4CBF0-A72C-44B8-8015-C5311F292481}.Release|x86.Deploy.0 = Release|iPhone
		{C734C476-A61E-4D9A-AB71-A9A74F7F5EED}.Ad-Hoc|Any CPU.ActiveCfg = Release|x86
		{C734C476-A61E-4D9A-AB71-A9A74F7F5EED}.Ad-Hoc|Any CPU.Build.0 = Release|x86
		{C734C476-A61E-4D9A-AB71-A9A74F7F5EED}.Ad-Hoc|Any CPU.Deploy.0 = Release|x86
		{C734C476-A61E-4D9A-AB71-A9A74F7F5EED}.Ad-Hoc|ARM.ActiveCfg = Release|ARM
		{C734C476-A61E-4D9A-AB71-A9A74F7F5EED}.Ad-Hoc|ARM.Build.0 = Release|ARM
		{C734C476-A61E-4D9A-AB71-A9A74F7F5EED}.Ad-Hoc|ARM.Deploy.0 = Release|ARM
		{C734C476-A61E-4D9A-AB71-A9A74F7F5EED}.Ad-Hoc|iPhone.ActiveCfg = Release|x86
		{C734C476-A61E-4D9A-AB71-A9A74F7F5EED}.Ad-Hoc|iPhone.Build.0 = Release|x86
		{C734C476-A61E-4D9A-AB71-A9A74F7F5EED}.Ad-Hoc|iPhone.Deploy.0 = Release|x86
		{C734C476-A61E-4D9A-AB71-A9A74F7F5EED}.Ad-Hoc|iPhoneSimulator.ActiveCfg = Release|x86
		{C734C476-A61E-4D9A-AB71-A9A74F7F5EED}.Ad-Hoc|iPhoneSimulator.Build.0 = Release|x86
		{C734C476-A61E-4D9A-AB71-A9A74F7F5EED}.Ad-Hoc|iPhoneSimulator.Deploy.0 = Release|x86
		{C734C476-A61E-4D9A-AB71-A9A74F7F5EED}.Ad-Hoc|x64.ActiveCfg = Release|x64
		{C734C476-A61E-4D9A-AB71-A9A74F7F5EED}.Ad-Hoc|x64.Build.0 = Release|x64
		{C734C476-A61E-4D9A-AB71-A9A74F7F5EED}.Ad-Hoc|x64.Deploy.0 = Release|x64
		{C734C476-A61E-4D9A-AB71-A9A74F7F5EED}.Ad-Hoc|x86.ActiveCfg = Release|x86
		{C734C476-A61E-4D9A-AB71-A9A74F7F5EED}.Ad-Hoc|x86.Build.0 = Release|x86
		{C734C476-A61E-4D9A-AB71-A9A74F7F5EED}.Ad-Hoc|x86.Deploy.0 = Release|x86
		{C734C476-A61E-4D9A-AB71-A9A74F7F5EED}.AppStore|Any CPU.ActiveCfg = Release|x86
		{C734C476-A61E-4D9A-AB71-A9A74F7F5EED}.AppStore|Any CPU.Build.0 = Release|x86
		{C734C476-A61E-4D9A-AB71-A9A74F7F5EED}.AppStore|Any CPU.Deploy.0 = Release|x86
		{C734C476-A61E-4D9A-AB71-A9A74F7F5EED}.AppStore|ARM.ActiveCfg = Release|ARM
		{C734C476-A61E-4D9A-AB71-A9A74F7F5EED}.AppStore|ARM.Build.0 = Release|ARM
		{C734C476-A61E-4D9A-AB71-A9A74F7F5EED}.AppStore|ARM.Deploy.0 = Release|ARM
		{C734C476-A61E-4D9A-AB71-A9A74F7F5EED}.AppStore|iPhone.ActiveCfg = Release|x86
		{C734C476-A61E-4D9A-AB71-A9A74F7F5EED}.AppStore|iPhone.Build.0 = Release|x86
		{C734C476-A61E-4D9A-AB71-A9A74F7F5EED}.AppStore|iPhone.Deploy.0 = Release|x86
		{C734C476-A61E-4D9A-AB71-A9A74F7F5EED}.AppStore|iPhoneSimulator.ActiveCfg = Release|x86
		{C734C476-A61E-4D9A-AB71-A9A74F7F5EED}.AppStore|iPhoneSimulator.Build.0 = Release|x86
		{C734C476-A61E-4D9A-AB71-A9A74F7F5EED}.AppStore|iPhoneSimulator.Deploy.0 = Release|x86
		{C734C476-A61E-4D9A-AB71-A9A74F7F5EED}.AppStore|x64.ActiveCfg = Release|x64
		{C734C476-A61E-4D9A-AB71-A9A74F7F5EED}.AppStore|x64.Build.0 = Release|x64
		{C734C476-A61E-4D9A-AB71-A9A74F7F5EED}.AppStore|x64.Deploy.0 = Release|x64
		{C734C476-A61E-4D9A-AB71-A9A74F7F5EED}.AppStore|x86.ActiveCfg = Release|x86
		{C734C476-A61E-4D9A-AB71-A9A74F7F5EED}.AppStore|x86.Build.0 = Release|x86
		{C734C476-A61E-4D9A-AB71-A9A74F7F5EED}.AppStore|x86.Deploy.0 = Release|x86
		{C734C476-A61E-4D9A-AB71-A9A74F7F5EED}.Debug|Any CPU.ActiveCfg = Debug|x86
		{C734C476-A61E-4D9A-AB71-A9A74F7F5EED}.Debug|Any CPU.Build.0 = Debug|x86
		{C734C476-A61E-4D9A-AB71-A9A74F7F5EED}.Debug|Any CPU.Deploy.0 = Debug|x86
		{C734C476-A61E-4D9A-AB71-A9A74F7F5EED}.Debug|ARM.ActiveCfg = Debug|ARM
		{C734C476-A61E-4D9A-AB71-A9A74F7F5EED}.Debug|ARM.Build.0 = Debug|ARM
		{C734C476-A61E-4D9A-AB71-A9A74F7F5EED}.Debug|ARM.Deploy.0 = Debug|ARM
		{C734C476-A61E-4D9A-AB71-A9A74F7F5EED}.Debug|iPhone.ActiveCfg = Debug|x86
		{C734C476-A61E-4D9A-AB71-A9A74F7F5EED}.Debug|iPhone.Build.0 = Debug|x86
		{C734C476-A61E-4D9A-AB71-A9A74F7F5EED}.Debug|iPhone.Deploy.0 = Debug|x86
		{C734C476-A61E-4D9A-AB71-A9A74F7F5EED}.Debug|iPhoneSimulator.ActiveCfg = Debug|x86
		{C734C476-A61E-4D9A-AB71-A9A74F7F5EED}.Debug|iPhoneSimulator.Build.0 = Debug|x86
		{C734C476-A61E-4D9A-AB71-A9A74F7F5EED}.Debug|iPhoneSimulator.Deploy.0 = Debug|x86
		{C734C476-A61E-4D9A-AB71-A9A74F7F5EED}.Debug|x64.ActiveCfg = Debug|x64
		{C734C476-A61E-4D9A-AB71-A9A74F7F5EED}.Debug|x64.Build.0 = Debug|x64
		{C734C476-A61E-4D9A-AB71-A9A74F7F5EED}.Debug|x64.Deploy.0 = Debug|x64
		{C734C476-A61E-4D9A-AB71-A9A74F7F5EED}.Debug|x86.ActiveCfg = Debug|x86
		{C734C476-A61E-4D9A-AB71-A9A74F7F5EED}.Debug|x86.Build.0 = Debug|x86
		{C734C476-A61E-4D9A-AB71-A9A74F7F5EED}.Debug|x86.Deploy.0 = Debug|x86
		{C734C476-A61E-4D9A-AB71-A9A74F7F5EED}.Release|Any CPU.ActiveCfg = Release|x86
		{C734C476-A61E-4D9A-AB71-A9A74F7F5EED}.Release|Any CPU.Build.0 = Release|x86
		{C734C476-A61E-4D9A-AB71-A9A74F7F5EED}.Release|Any CPU.Deploy.0 = Release|x86
		{C734C476-A61E-4D9A-AB71-A9A74F7F5EED}.Release|ARM.ActiveCfg = Release|ARM
		{C734C476-A61E-4D9A-AB71-A9A74F7F5EED}.Release|ARM.Build.0 = Release|ARM
		{C734C476-A61E-4D9A-AB71-A9A74F7F5EED}.Release|ARM.Deploy.0 = Release|ARM
		{C734C476-A61E-4D9A-AB71-A9A74F7F5EED}.Release|iPhone.ActiveCfg = Release|x86
		{C734C476-A61E-4D9A-AB71-A9A74F7F5EED}.Release|iPhone.Build.0 = Release|x86
		{C734C476-A61E-4D9A-AB71-A9A74F7F5EED}.Release|iPhone.Deploy.0 = Release|x86
		{C734C476-A61E-4D9A-AB71-A9A74F7F5EED}.Release|iPhoneSimulator.ActiveCfg = Release|x86
		{C734C476-A61E-4D9A-AB71-A9A74F7F5EED}.Release|iPhoneSimulator.Build.0 = Release|x86
		{C734C476-A61E-4D9A-AB71-A9A74F7F5EED}.Release|iPhoneSimulator.Deploy.0 = Release|x86
		{C734C476-A61E-4D9A-AB71-A9A74F7F5EED}.Release|x64.ActiveCfg = Release|x64
		{C734C476-A61E-4D9A-AB71-A9A74F7F5EED}.Release|x64.Build.0 = Release|x64
		{C734C476-A61E-4D9A-AB71-A9A74F7F5EED}.Release|x64.Deploy.0 = Release|x64
		{C734C476-A61E-4D9A-AB71-A9A74F7F5EED}.Release|x86.ActiveCfg = Release|x86
		{C734C476-A61E-4D9A-AB71-A9A74F7F5EED}.Release|x86.Build.0 = Release|x86
		{C734C476-A61E-4D9A-AB71-A9A74F7F5EED}.Release|x86.Deploy.0 = Release|x86
		{AB420812-5AF9-499E-880A-95FE4F094B35}.Ad-Hoc|Any CPU.ActiveCfg = Debug|Any CPU
		{AB420812-5AF9-499E-880A-95FE4F094B35}.Ad-Hoc|Any CPU.Build.0 = Debug|Any CPU
		{AB420812-5AF9-499E-880A-95FE4F094B35}.Ad-Hoc|Any CPU.Deploy.0 = Debug|Any CPU
		{AB420812-5AF9-499E-880A-95FE4F094B35}.Ad-Hoc|ARM.ActiveCfg = Debug|Any CPU
		{AB420812-5AF9-499E-880A-95FE4F094B35}.Ad-Hoc|ARM.Build.0 = Debug|Any CPU
		{AB420812-5AF9-499E-880A-95FE4F094B35}.Ad-Hoc|ARM.Deploy.0 = Debug|Any CPU
		{AB420812-5AF9-499E-880A-95FE4F094B35}.Ad-Hoc|iPhone.ActiveCfg = Debug|Any CPU
		{AB420812-5AF9-499E-880A-95FE4F094B35}.Ad-Hoc|iPhone.Build.0 = Debug|Any CPU
		{AB420812-5AF9-499E-880A-95FE4F094B35}.Ad-Hoc|iPhone.Deploy.0 = Debug|Any CPU
		{AB420812-5AF9-499E-880A-95FE4F094B35}.Ad-Hoc|iPhoneSimulator.ActiveCfg = Debug|Any CPU
		{AB420812-5AF9-499E-880A-95FE4F094B35}.Ad-Hoc|iPhoneSimulator.Build.0 = Debug|Any CPU
		{AB420812-5AF9-499E-880A-95FE4F094B35}.Ad-Hoc|iPhoneSimulator.Deploy.0 = Debug|Any CPU
		{AB420812-5AF9-499E-880A-95FE4F094B35}.Ad-Hoc|x64.ActiveCfg = Debug|Any CPU
		{AB420812-5AF9-499E-880A-95FE4F094B35}.Ad-Hoc|x64.Build.0 = Debug|Any CPU
		{AB420812-5AF9-499E-880A-95FE4F094B35}.Ad-Hoc|x64.Deploy.0 = Debug|Any CPU
		{AB420812-5AF9-499E-880A-95FE4F094B35}.Ad-Hoc|x86.ActiveCfg = Debug|Any CPU
		{AB420812-5AF9-499E-880A-95FE4F094B35}.Ad-Hoc|x86.Build.0 = Debug|Any CPU
		{AB420812-5AF9-499E-880A-95FE4F094B35}.Ad-Hoc|x86.Deploy.0 = Debug|Any CPU
		{AB420812-5AF9-499E-880A-95FE4F094B35}.AppStore|Any CPU.ActiveCfg = Debug|Any CPU
		{AB420812-5AF9-499E-880A-95FE4F094B35}.AppStore|Any CPU.Build.0 = Debug|Any CPU
		{AB420812-5AF9-499E-880A-95FE4F094B35}.AppStore|Any CPU.Deploy.0 = Debug|Any CPU
		{AB420812-5AF9-499E-880A-95FE4F094B35}.AppStore|ARM.ActiveCfg = Debug|Any CPU
		{AB420812-5AF9-499E-880A-95FE4F094B35}.AppStore|ARM.Build.0 = Debug|Any CPU
		{AB420812-5AF9-499E-880A-95FE4F094B35}.AppStore|ARM.Deploy.0 = Debug|Any CPU
		{AB420812-5AF9-499E-880A-95FE4F094B35}.AppStore|iPhone.ActiveCfg = Debug|Any CPU
		{AB420812-5AF9-499E-880A-95FE4F094B35}.AppStore|iPhone.Build.0 = Debug|Any CPU
		{AB420812-5AF9-499E-880A-95FE4F094B35}.AppStore|iPhone.Deploy.0 = Debug|Any CPU
		{AB420812-5AF9-499E-880A-95FE4F094B35}.AppStore|iPhoneSimulator.ActiveCfg = Debug|Any CPU
		{AB420812-5AF9-499E-880A-95FE4F094B35}.AppStore|iPhoneSimulator.Build.0 = Debug|Any CPU
		{AB420812-5AF9-499E-880A-95FE4F094B35}.AppStore|iPhoneSimulator.Deploy.0 = Debug|Any CPU
		{AB420812-5AF9-499E-880A-95FE4F094B35}.AppStore|x64.ActiveCfg = Debug|Any CPU
		{AB420812-5AF9-499E-880A-95FE4F094B35}.AppStore|x64.Build.0 = Debug|Any CPU
		{AB420812-5AF9-499E-880A-95FE4F094B35}.AppStore|x64.Deploy.0 = Debug|Any CPU
		{AB420812-5AF9-499E-880A-95FE4F094B35}.AppStore|x86.ActiveCfg = Debug|Any CPU
		{AB420812-5AF9-499E-880A-95FE4F094B35}.AppStore|x86.Build.0 = Debug|Any CPU
		{AB420812-5AF9-499E-880A-95FE4F094B35}.AppStore|x86.Deploy.0 = Debug|Any CPU
		{AB420812-5AF9-499E-880A-95FE4F094B35}.Debug|Any CPU.ActiveCfg = Debug|Any CPU
		{AB420812-5AF9-499E-880A-95FE4F094B35}.Debug|Any CPU.Build.0 = Debug|Any CPU
		{AB420812-5AF9-499E-880A-95FE4F094B35}.Debug|Any CPU.Deploy.0 = Debug|Any CPU
		{AB420812-5AF9-499E-880A-95FE4F094B35}.Debug|ARM.ActiveCfg = Debug|Any CPU
		{AB420812-5AF9-499E-880A-95FE4F094B35}.Debug|ARM.Build.0 = Debug|Any CPU
		{AB420812-5AF9-499E-880A-95FE4F094B35}.Debug|ARM.Deploy.0 = Debug|Any CPU
		{AB420812-5AF9-499E-880A-95FE4F094B35}.Debug|iPhone.ActiveCfg = Debug|Any CPU
		{AB420812-5AF9-499E-880A-95FE4F094B35}.Debug|iPhone.Build.0 = Debug|Any CPU
		{AB420812-5AF9-499E-880A-95FE4F094B35}.Debug|iPhone.Deploy.0 = Debug|Any CPU
		{AB420812-5AF9-499E-880A-95FE4F094B35}.Debug|iPhoneSimulator.ActiveCfg = Debug|Any CPU
		{AB420812-5AF9-499E-880A-95FE4F094B35}.Debug|iPhoneSimulator.Build.0 = Debug|Any CPU
		{AB420812-5AF9-499E-880A-95FE4F094B35}.Debug|iPhoneSimulator.Deploy.0 = Debug|Any CPU
		{AB420812-5AF9-499E-880A-95FE4F094B35}.Debug|x64.ActiveCfg = Debug|Any CPU
		{AB420812-5AF9-499E-880A-95FE4F094B35}.Debug|x64.Build.0 = Debug|Any CPU
		{AB420812-5AF9-499E-880A-95FE4F094B35}.Debug|x64.Deploy.0 = Debug|Any CPU
		{AB420812-5AF9-499E-880A-95FE4F094B35}.Debug|x86.ActiveCfg = Debug|Any CPU
		{AB420812-5AF9-499E-880A-95FE4F094B35}.Debug|x86.Build.0 = Debug|Any CPU
		{AB420812-5AF9-499E-880A-95FE4F094B35}.Debug|x86.Deploy.0 = Debug|Any CPU
		{AB420812-5AF9-499E-880A-95FE4F094B35}.Release|Any CPU.ActiveCfg = Release|Any CPU
		{AB420812-5AF9-499E-880A-95FE4F094B35}.Release|Any CPU.Build.0 = Release|Any CPU
		{AB420812-5AF9-499E-880A-95FE4F094B35}.Release|Any CPU.Deploy.0 = Release|Any CPU
		{AB420812-5AF9-499E-880A-95FE4F094B35}.Release|ARM.ActiveCfg = Release|Any CPU
		{AB420812-5AF9-499E-880A-95FE4F094B35}.Release|ARM.Build.0 = Release|Any CPU
		{AB420812-5AF9-499E-880A-95FE4F094B35}.Release|ARM.Deploy.0 = Release|Any CPU
		{AB420812-5AF9-499E-880A-95FE4F094B35}.Release|iPhone.ActiveCfg = Release|Any CPU
		{AB420812-5AF9-499E-880A-95FE4F094B35}.Release|iPhone.Build.0 = Release|Any CPU
		{AB420812-5AF9-499E-880A-95FE4F094B35}.Release|iPhone.Deploy.0 = Release|Any CPU
		{AB420812-5AF9-499E-880A-95FE4F094B35}.Release|iPhoneSimulator.ActiveCfg = Release|Any CPU
		{AB420812-5AF9-499E-880A-95FE4F094B35}.Release|iPhoneSimulator.Build.0 = Release|Any CPU
		{AB420812-5AF9-499E-880A-95FE4F094B35}.Release|iPhoneSimulator.Deploy.0 = Release|Any CPU
		{AB420812-5AF9-499E-880A-95FE4F094B35}.Release|x64.ActiveCfg = Release|Any CPU
		{AB420812-5AF9-499E-880A-95FE4F094B35}.Release|x64.Build.0 = Release|Any CPU
		{AB420812-5AF9-499E-880A-95FE4F094B35}.Release|x64.Deploy.0 = Release|Any CPU
		{AB420812-5AF9-499E-880A-95FE4F094B35}.Release|x86.ActiveCfg = Release|Any CPU
		{AB420812-5AF9-499E-880A-95FE4F094B35}.Release|x86.Build.0 = Release|Any CPU
		{AB420812-5AF9-499E-880A-95FE4F094B35}.Release|x86.Deploy.0 = Release|Any CPU
	EndGlobalSection
	GlobalSection(SolutionProperties) = preSolution
		HideSolutionNode = FALSE
	EndGlobalSection
	GlobalSection(ExtensibilityGlobals) = postSolution
		SolutionGuid = {6AEF3F7B-0207-4227-9C6A-ADF483FE4800}
	EndGlobalSection
EndGlobal
